
Microsoft Visual Studio Solution File, Format Version 12.00
# Visual Studio Version 17
VisualStudioVersion = 17.0.32014.148
MinimumVisualStudioVersion = 10.0.40219.1
Project("{9A19103F-16F7-4668-BE54-9A1E7A4F7556}") = "SKYSWebDemo2", "SKYSWebDemo2.csproj", "{32834AED-A5CF-46D0-8763-3DCD64E77EFE}"
EndProject
Global
	GlobalSection(SolutionConfigurationPlatforms) = preSolution
		Debug|Any CPU = Debug|Any CPU
		Release|Any CPU = Release|Any CPU
	EndGlobalSection
	GlobalSection(ProjectConfigurationPlatforms) = postSolution
		{32834AED-A5CF-46D0-8763-3DCD64E77EFE}.Debug|Any CPU.ActiveCfg = Debug|Any CPU
		{32834AED-A5CF-46D0-8763-3DCD64E77EFE}.Debug|Any CPU.Build.0 = Debug|Any CPU
		{32834AED-A5CF-46D0-8763-3DCD64E77EFE}.Release|Any CPU.ActiveCfg = Release|Any CPU
		{32834AED-A5CF-46D0-8763-3DCD64E77EFE}.Release|Any CPU.Build.0 = Release|Any CPU
	EndGlobalSection
	GlobalSection(SolutionProperties) = preSolution
		HideSolutionNode = FALSE
	EndGlobalSection
	GlobalSection(ExtensibilityGlobals) = postSolution
		SolutionGuid = {A5B10D49-EF87-4181-A2AE-43205DC8281B}
	EndGlobalSection
EndGlobal
